
Microsoft Visual Studio Solution File, Format Version 12.00
# Visual Studio Version 17
VisualStudioVersion = 17.8.34525.116
MinimumVisualStudioVersion = 10.0.40219.1
Project("{FAE04EC0-301F-11D3-BF4B-00C04F79EFBC}") = "Week3IfandSwitch", "Week3IfandSwitch\Week3IfandSwitch.csproj", "{87A5E342-83C4-4F89-BA81-B364AB19E97E}"
EndProject
Project("{FAE04EC0-301F-11D3-BF4B-00C04F79EFBC}") = "OddorEven", "OddorEven\OddorEven.csproj", "{62FB31B9-3B27-4F33-96AE-C750BB6CEC89}"
EndProject
Project("{FAE04EC0-301F-11D3-BF4B-00C04F79EFBC}") = "IfDayOfTheWeek", "IfDayOfTheWeek\IfDayOfTheWeek.csproj", "{CA948226-5969-4E6C-BEA5-05E27C83424F}"
EndProject
Project("{FAE04EC0-301F-11D3-BF4B-00C04F79EFBC}") = "SwitchDayOfTheWeek", "SwitchDayOfTheWeek\SwitchDayOfTheWeek.csproj", "{12AD63EF-F763-4038-AA89-06E27C482F5A}"
EndProject
Global
	GlobalSection(SolutionConfigurationPlatforms) = preSolution
		Debug|Any CPU = Debug|Any CPU
		Release|Any CPU = Release|Any CPU
	EndGlobalSection
	GlobalSection(ProjectConfigurationPlatforms) = postSolution
		{87A5E342-83C4-4F89-BA81-B364AB19E97E}.Debug|Any CPU.ActiveCfg = Debug|Any CPU
		{87A5E342-83C4-4F89-BA81-B364AB19E97E}.Debug|Any CPU.Build.0 = Debug|Any CPU
		{87A5E342-83C4-4F89-BA81-B364AB19E97E}.Release|Any CPU.ActiveCfg = Release|Any CPU
		{87A5E342-83C4-4F89-BA81-B364AB19E97E}.Release|Any CPU.Build.0 = Release|Any CPU
		{62FB31B9-3B27-4F33-96AE-C750BB6CEC89}.Debug|Any CPU.ActiveCfg = Debug|Any CPU
		{62FB31B9-3B27-4F33-96AE-C750BB6CEC89}.Debug|Any CPU.Build.0 = Debug|Any CPU
		{62FB31B9-3B27-4F33-96AE-C750BB6CEC89}.Release|Any CPU.ActiveCfg = Release|Any CPU
		{62FB31B9-3B27-4F33-96AE-C750BB6CEC89}.Release|Any CPU.Build.0 = Release|Any CPU
		{CA948226-5969-4E6C-BEA5-05E27C83424F}.Debug|Any CPU.ActiveCfg = Debug|Any CPU
		{CA948226-5969-4E6C-BEA5-05E27C83424F}.Debug|Any CPU.Build.0 = Debug|Any CPU
		{CA948226-5969-4E6C-BEA5-05E27C83424F}.Release|Any CPU.ActiveCfg = Release|Any CPU
		{CA948226-5969-4E6C-BEA5-05E27C83424F}.Release|Any CPU.Build.0 = Release|Any CPU
		{12AD63EF-F763-4038-AA89-06E27C482F5A}.Debug|Any CPU.ActiveCfg = Debug|Any CPU
		{12AD63EF-F763-4038-AA89-06E27C482F5A}.Debug|Any CPU.Build.0 = Debug|Any CPU
		{12AD63EF-F763-4038-AA89-06E27C482F5A}.Release|Any CPU.ActiveCfg = Release|Any CPU
		{12AD63EF-F763-4038-AA89-06E27C482F5A}.Release|Any CPU.Build.0 = Release|Any CPU
	EndGlobalSection
	GlobalSection(SolutionProperties) = preSolution
		HideSolutionNode = FALSE
	EndGlobalSection
	GlobalSection(ExtensibilityGlobals) = postSolution
		SolutionGuid = {DB63A922-5F03-4BFB-8F72-1382321E8850}
	EndGlobalSection
EndGlobal
